
Microsoft Visual Studio Solution File, Format Version 12.00
# Visual Studio Version 16
VisualStudioVersion = 16.0.29102.190
MinimumVisualStudioVersion = 10.0.40219.1
Project("{9A19103F-16F7-4668-BE54-9A1E7A4F7556}") = "RenRe.Puzzles.DealLosses", "RenRe.Puzzles.DealLosses\RenRe.Puzzles.DealLosses.csproj", "{5C6BB991-952B-4817-A3A4-E27ABBFFA4CB}"
EndProject
Project("{2150E333-8FDC-42A3-9474-1A3956D46DE8}") = "Solution Items", "Solution Items", "{3D1B2841-C00E-4A98-889F-8AFE01DD84A4}"
	ProjectSection(SolutionItems) = preProject
		README.md = README.md
	EndProjectSection
EndProject
Project("{FAE04EC0-301F-11D3-BF4B-00C04F79EFBC}") = "Testing", "Testing\Testing.csproj", "{86030B97-7E3F-4121-9A6A-0D0FD6C13FB4}"
EndProject
Project("{FAE04EC0-301F-11D3-BF4B-00C04F79EFBC}") = "DbLayer", "DbLayer\DbLayer.csproj", "{C518AF09-D153-4EC4-9E10-164643DECC75}"
EndProject
Project("{FAE04EC0-301F-11D3-BF4B-00C04F79EFBC}") = "Logic", "Logic\Logic.csproj", "{A8FBE091-ACFD-46D1-8720-B1016008963B}"
EndProject
Global
	GlobalSection(SolutionConfigurationPlatforms) = preSolution
		Debug|Any CPU = Debug|Any CPU
		Release|Any CPU = Release|Any CPU
	EndGlobalSection
	GlobalSection(ProjectConfigurationPlatforms) = postSolution
		{5C6BB991-952B-4817-A3A4-E27ABBFFA4CB}.Debug|Any CPU.ActiveCfg = Debug|Any CPU
		{5C6BB991-952B-4817-A3A4-E27ABBFFA4CB}.Debug|Any CPU.Build.0 = Debug|Any CPU
		{5C6BB991-952B-4817-A3A4-E27ABBFFA4CB}.Release|Any CPU.ActiveCfg = Release|Any CPU
		{5C6BB991-952B-4817-A3A4-E27ABBFFA4CB}.Release|Any CPU.Build.0 = Release|Any CPU
		{86030B97-7E3F-4121-9A6A-0D0FD6C13FB4}.Debug|Any CPU.ActiveCfg = Debug|Any CPU
		{86030B97-7E3F-4121-9A6A-0D0FD6C13FB4}.Debug|Any CPU.Build.0 = Debug|Any CPU
		{86030B97-7E3F-4121-9A6A-0D0FD6C13FB4}.Release|Any CPU.ActiveCfg = Release|Any CPU
		{86030B97-7E3F-4121-9A6A-0D0FD6C13FB4}.Release|Any CPU.Build.0 = Release|Any CPU
		{C518AF09-D153-4EC4-9E10-164643DECC75}.Debug|Any CPU.ActiveCfg = Debug|Any CPU
		{C518AF09-D153-4EC4-9E10-164643DECC75}.Debug|Any CPU.Build.0 = Debug|Any CPU
		{C518AF09-D153-4EC4-9E10-164643DECC75}.Release|Any CPU.ActiveCfg = Release|Any CPU
		{C518AF09-D153-4EC4-9E10-164643DECC75}.Release|Any CPU.Build.0 = Release|Any CPU
		{A8FBE091-ACFD-46D1-8720-B1016008963B}.Debug|Any CPU.ActiveCfg = Debug|Any CPU
		{A8FBE091-ACFD-46D1-8720-B1016008963B}.Debug|Any CPU.Build.0 = Debug|Any CPU
		{A8FBE091-ACFD-46D1-8720-B1016008963B}.Release|Any CPU.ActiveCfg = Release|Any CPU
		{A8FBE091-ACFD-46D1-8720-B1016008963B}.Release|Any CPU.Build.0 = Release|Any CPU
	EndGlobalSection
	GlobalSection(SolutionProperties) = preSolution
		HideSolutionNode = FALSE
	EndGlobalSection
	GlobalSection(ExtensibilityGlobals) = postSolution
		SolutionGuid = {4A14297D-1F08-4CD6-B029-52DAA8ED13F0}
	EndGlobalSection
EndGlobal
